
Microsoft Visual Studio Solution File, Format Version 12.00
# Visual Studio Version 17
VisualStudioVersion = 17.0.31903.59
MinimumVisualStudioVersion = 10.0.40219.1
Project("{FAE04EC0-301F-11D3-BF4B-00C04F79EFBC}") = "projectf", "projectf\projectf.csproj", "{81C7E0DC-BA66-431C-9FC5-6EADCAA6DAD6}"
EndProject
Global
	GlobalSection(SolutionConfigurationPlatforms) = preSolution
		Debug|Any CPU = Debug|Any CPU
		Release|Any CPU = Release|Any CPU
	EndGlobalSection
	GlobalSection(SolutionProperties) = preSolution
		HideSolutionNode = FALSE
	EndGlobalSection
	GlobalSection(ProjectConfigurationPlatforms) = postSolution
		{81C7E0DC-BA66-431C-9FC5-6EADCAA6DAD6}.Debug|Any CPU.ActiveCfg = Debug|Any CPU
		{81C7E0DC-BA66-431C-9FC5-6EADCAA6DAD6}.Debug|Any CPU.Build.0 = Debug|Any CPU
		{81C7E0DC-BA66-431C-9FC5-6EADCAA6DAD6}.Release|Any CPU.ActiveCfg = Release|Any CPU
		{81C7E0DC-BA66-431C-9FC5-6EADCAA6DAD6}.Release|Any CPU.Build.0 = Release|Any CPU
	EndGlobalSection
EndGlobal
